// !$*UTF8*$!
{
	archiveVersion = 1;
	classes = {
	};
	objectVersion = 46;
	objects = {

/* Begin PBXBuildFile section */
		D50F92761CDFD20300C5CA5B /* AppDelegate.swift in Sources */ = {isa = PBXBuildFile; fileRef = D50F92751CDFD20300C5CA5B /* AppDelegate.swift */; };
		D50F927B1CDFD20300C5CA5B /* Main.storyboard in Resources */ = {isa = PBXBuildFile; fileRef = D50F92791CDFD20300C5CA5B /* Main.storyboard */; };
		D50F927D1CDFD20300C5CA5B /* Assets.xcassets in Resources */ = {isa = PBXBuildFile; fileRef = D50F927C1CDFD20300C5CA5B /* Assets.xcassets */; };
		D50F92801CDFD20300C5CA5B /* LaunchScreen.storyboard in Resources */ = {isa = PBXBuildFile; fileRef = D50F927E1CDFD20300C5CA5B /* LaunchScreen.storyboard */; };
		D50F928B1CDFD20300C5CA5B /* ConnectFourTests.swift in Sources */ = {isa = PBXBuildFile; fileRef = D50F928A1CDFD20300C5CA5B /* ConnectFourTests.swift */; };
		D50F929A1CDFD78D00C5CA5B /* ConnectFourEngine.swift in Sources */ = {isa = PBXBuildFile; fileRef = D50F92991CDFD78D00C5CA5B /* ConnectFourEngine.swift */; };
		D50F929C1CDFD7B500C5CA5B /* BoardViewController.swift in Sources */ = {isa = PBXBuildFile; fileRef = D50F929B1CDFD7B500C5CA5B /* BoardViewController.swift */; };
		D50F929E1CE53D3B00C5CA5B /* ColumnTapGestureRecognizer.swift in Sources */ = {isa = PBXBuildFile; fileRef = D50F929D1CE53D3B00C5CA5B /* ColumnTapGestureRecognizer.swift */; };
/* End PBXBuildFile section */

/* Begin PBXContainerItemProxy section */
		D50F92871CDFD20300C5CA5B /* PBXContainerItemProxy */ = {
			isa = PBXContainerItemProxy;
			containerPortal = D50F926A1CDFD20300C5CA5B /* Project object */;
			proxyType = 1;
			remoteGlobalIDString = D50F92711CDFD20300C5CA5B;
			remoteInfo = ConnectFour;
		};
/* End PBXContainerItemProxy section */

/* Begin PBXFileReference section */
		D50F92721CDFD20300C5CA5B /* ConnectFour.app */ = {isa = PBXFileReference; explicitFileType = wrapper.application; includeInIndex = 0; path = ConnectFour.app; sourceTree = BUILT_PRODUCTS_DIR; };
		D50F92751CDFD20300C5CA5B /* AppDelegate.swift */ = {isa = PBXFileReference; lastKnownFileType = sourcecode.swift; path = AppDelegate.swift; sourceTree = "<group>"; };
		D50F927A1CDFD20300C5CA5B /* Base */ = {isa = PBXFileReference; lastKnownFileType = file.storyboard; name = Base; path = Base.lproj/Main.storyboard; sourceTree = "<group>"; };
		D50F927C1CDFD20300C5CA5B /* Assets.xcassets */ = {isa = PBXFileReference; lastKnownFileType = folder.assetcatalog; path = Assets.xcassets; sourceTree = "<group>"; };
		D50F927F1CDFD20300C5CA5B /* Base */ = {isa = PBXFileReference; lastKnownFileType = file.storyboard; name = Base; path = Base.lproj/LaunchScreen.storyboard; sourceTree = "<group>"; };
		D50F92811CDFD20300C5CA5B /* Info.plist */ = {isa = PBXFileReference; lastKnownFileType = text.plist.xml; path = Info.plist; sourceTree = "<group>"; };
		D50F92861CDFD20300C5CA5B /* ConnectFourTests.xctest */ = {isa = PBXFileReference; explicitFileType = wrapper.cfbundle; includeInIndex = 0; path = ConnectFourTests.xctest; sourceTree = BUILT_PRODUCTS_DIR; };
		D50F928A1CDFD20300C5CA5B /* ConnectFourTests.swift */ = {isa = PBXFileReference; lastKnownFileType = sourcecode.swift; path = ConnectFourTests.swift; sourceTree = "<group>"; };
		D50F928C1CDFD20300C5CA5B /* Info.plist */ = {isa = PBXFileReference; lastKnownFileType = text.plist.xml; path = Info.plist; sourceTree = "<group>"; };
		D50F92991CDFD78D00C5CA5B /* ConnectFourEngine.swift */ = {isa = PBXFileReference; fileEncoding = 4; lastKnownFileType = sourcecode.swift; name = ConnectFourEngine.swift; path = Models/ConnectFourEngine.swift; sourceTree = "<group>"; };
		D50F929B1CDFD7B500C5CA5B /* BoardViewController.swift */ = {isa = PBXFileReference; fileEncoding = 4; lastKnownFileType = sourcecode.swift; name = BoardViewController.swift; path = Controllers/BoardViewController.swift; sourceTree = "<group>"; };
		D50F929D1CE53D3B00C5CA5B /* ColumnTapGestureRecognizer.swift */ = {isa = PBXFileReference; fileEncoding = 4; lastKnownFileType = sourcecode.swift; name = ColumnTapGestureRecognizer.swift; path = Views/ColumnTapGestureRecognizer.swift; sourceTree = "<group>"; };
/* End PBXFileReference section */

/* Begin PBXFrameworksBuildPhase section */
		D50F926F1CDFD20300C5CA5B /* Frameworks */ = {
			isa = PBXFrameworksBuildPhase;
			buildActionMask = 2147483647;
			files = (
			);
			runOnlyForDeploymentPostprocessing = 0;
		};
		D50F92831CDFD20300C5CA5B /* Frameworks */ = {
			isa = PBXFrameworksBuildPhase;
			buildActionMask = 2147483647;
			files = (
			);
			runOnlyForDeploymentPostprocessing = 0;
		};
/* End PBXFrameworksBuildPhase section */

/* Begin PBXGroup section */
		D50F92691CDFD20300C5CA5B = {
			isa = PBXGroup;
			children = (
				D50F92741CDFD20300C5CA5B /* ConnectFour */,
				D50F92891CDFD20300C5CA5B /* ConnectFourTests */,
				D50F92731CDFD20300C5CA5B /* Products */,
			);
			sourceTree = "<group>";
		};
		D50F92731CDFD20300C5CA5B /* Products */ = {
			isa = PBXGroup;
			children = (
				D50F92721CDFD20300C5CA5B /* ConnectFour.app */,
				D50F92861CDFD20300C5CA5B /* ConnectFourTests.xctest */,
			);
			name = Products;
			sourceTree = "<group>";
		};
		D50F92741CDFD20300C5CA5B /* ConnectFour */ = {
			isa = PBXGroup;
			children = (
				D50F92971CDFD2B700C5CA5B /* Models */,
				D50F92981CDFD2BC00C5CA5B /* Views */,
				D50F92961CDFD2A000C5CA5B /* Controllers */,
				D50F92951CDFD29400C5CA5B /* Supporting Files */,
			);
			path = ConnectFour;
			sourceTree = "<group>";
		};
		D50F92891CDFD20300C5CA5B /* ConnectFourTests */ = {
			isa = PBXGroup;
			children = (
				D50F928A1CDFD20300C5CA5B /* ConnectFourTests.swift */,
				D50F928C1CDFD20300C5CA5B /* Info.plist */,
			);
			path = ConnectFourTests;
			sourceTree = "<group>";
		};
		D50F92951CDFD29400C5CA5B /* Supporting Files */ = {
			isa = PBXGroup;
			children = (
				D50F92751CDFD20300C5CA5B /* AppDelegate.swift */,
				D50F927C1CDFD20300C5CA5B /* Assets.xcassets */,
				D50F92811CDFD20300C5CA5B /* Info.plist */,
			);
			name = "Supporting Files";
			sourceTree = "<group>";
		};
		D50F92961CDFD2A000C5CA5B /* Controllers */ = {
			isa = PBXGroup;
			children = (
				D50F929B1CDFD7B500C5CA5B /* BoardViewController.swift */,
			);
			name = Controllers;
			sourceTree = "<group>";
		};
		D50F92971CDFD2B700C5CA5B /* Models */ = {
			isa = PBXGroup;
			children = (
				D50F92991CDFD78D00C5CA5B /* ConnectFourEngine.swift */,
			);
			name = Models;
			sourceTree = "<group>";
		};
		D50F92981CDFD2BC00C5CA5B /* Views */ = {
			isa = PBXGroup;
			children = (
				D50F92791CDFD20300C5CA5B /* Main.storyboard */,
				D50F927E1CDFD20300C5CA5B /* LaunchScreen.storyboard */,
				D50F929D1CE53D3B00C5CA5B /* ColumnTapGestureRecognizer.swift */,
			);
			name = Views;
			sourceTree = "<group>";
		};
/* End PBXGroup section */

/* Begin PBXNativeTarget section */
		D50F92711CDFD20300C5CA5B /* ConnectFour */ = {
			isa = PBXNativeTarget;
			buildConfigurationList = D50F928F1CDFD20300C5CA5B /* Build configuration list for PBXNativeTarget "ConnectFour" */;
			buildPhases = (
				D50F926E1CDFD20300C5CA5B /* Sources */,
				D50F926F1CDFD20300C5CA5B /* Frameworks */,
				D50F92701CDFD20300C5CA5B /* Resources */,
			);
			buildRules = (
			);
			dependencies = (
			);
			name = ConnectFour;
			productName = ConnectFour;
			productReference = D50F92721CDFD20300C5CA5B /* ConnectFour.app */;
			productType = "com.apple.product-type.application";
		};
		D50F92851CDFD20300C5CA5B /* ConnectFourTests */ = {
			isa = PBXNativeTarget;
			buildConfigurationList = D50F92921CDFD20300C5CA5B /* Build configuration list for PBXNativeTarget "ConnectFourTests" */;
			buildPhases = (
				D50F92821CDFD20300C5CA5B /* Sources */,
				D50F92831CDFD20300C5CA5B /* Frameworks */,
				D50F92841CDFD20300C5CA5B /* Resources */,
			);
			buildRules = (
			);
			dependencies = (
				D50F92881CDFD20300C5CA5B /* PBXTargetDependency */,
			);
			name = ConnectFourTests;
			productName = ConnectFourTests;
			productReference = D50F92861CDFD20300C5CA5B /* ConnectFourTests.xctest */;
			productType = "com.apple.product-type.bundle.unit-test";
		};
/* End PBXNativeTarget section */

/* Begin PBXProject section */
		D50F926A1CDFD20300C5CA5B /* Project object */ = {
			isa = PBXProject;
			attributes = {
				LastSwiftUpdateCheck = 0730;
				LastUpgradeCheck = 0730;
				ORGANIZATIONNAME = "Aaron Pankratz";
				TargetAttributes = {
					D50F92711CDFD20300C5CA5B = {
						CreatedOnToolsVersion = 7.3;
					};
					D50F92851CDFD20300C5CA5B = {
						CreatedOnToolsVersion = 7.3;
						TestTargetID = D50F92711CDFD20300C5CA5B;
					};
				};
			};
			buildConfigurationList = D50F926D1CDFD20300C5CA5B /* Build configuration list for PBXProject "ConnectFour" */;
			compatibilityVersion = "Xcode 3.2";
			developmentRegion = English;
			hasScannedForEncodings = 0;
			knownRegions = (
				en,
				Base,
			);
			mainGroup = D50F92691CDFD20300C5CA5B;
			productRefGroup = D50F92731CDFD20300C5CA5B /* Products */;
			projectDirPath = "";
			projectRoot = "";
			targets = (
				D50F92711CDFD20300C5CA5B /* ConnectFour */,
				D50F92851CDFD20300C5CA5B /* ConnectFourTests */,
			);
		};
/* End PBXProject section */

/* Begin PBXResourcesBuildPhase section */
		D50F92701CDFD20300C5CA5B /* Resources */ = {
			isa = PBXResourcesBuildPhase;
			buildActionMask = 2147483647;
			files = (
				D50F92801CDFD20300C5CA5B /* LaunchScreen.storyboard in Resources */,
				D50F927D1CDFD20300C5CA5B /* Assets.xcassets in Resources */,
				D50F927B1CDFD20300C5CA5B /* Main.storyboard in Resources */,
			);
			runOnlyForDeploymentPostprocessing = 0;
		};
		D50F92841CDFD20300C5CA5B /* Resources */ = {
			isa = PBXResourcesBuildPhase;
			buildActionMask = 2147483647;
			files = (
			);
			runOnlyForDeploymentPostprocessing = 0;
		};
/* End PBXResourcesBuildPhase section */

/* Begin PBXSourcesBuildPhase section */
		D50F926E1CDFD20300C5CA5B /* Sources */ = {
			isa = PBXSourcesBuildPhase;
			buildActionMask = 2147483647;
			files = (
				D50F929C1CDFD7B500C5CA5B /* BoardViewController.swift in Sources */,
				D50F929A1CDFD78D00C5CA5B /* ConnectFourEngine.swift in Sources */,
				D50F929E1CE53D3B00C5CA5B /* ColumnTapGestureRecognizer.swift in Sources */,
				D50F92761CDFD20300C5CA5B /* AppDelegate.swift in Sources */,
			);
			runOnlyForDeploymentPostprocessing = 0;
		};
		D50F92821CDFD20300C5CA5B /* Sources */ = {
			isa = PBXSourcesBuildPhase;
			buildActionMask = 2147483647;
			files = (
				D50F928B1CDFD20300C5CA5B /* ConnectFourTests.swift in Sources */,
			);
			runOnlyForDeploymentPostprocessing = 0;
		};
/* End PBXSourcesBuildPhase section */

/* Begin PBXTargetDependency section */
		D50F92881CDFD20300C5CA5B /* PBXTargetDependency */ = {
			isa = PBXTargetDependency;
			target = D50F92711CDFD20300C5CA5B /* ConnectFour */;
			targetProxy = D50F92871CDFD20300C5CA5B /* PBXContainerItemProxy */;
		};
/* End PBXTargetDependency section */

/* Begin PBXVariantGroup section */
		D50F92791CDFD20300C5CA5B /* Main.storyboard */ = {
			isa = PBXVariantGroup;
			children = (
				D50F927A1CDFD20300C5CA5B /* Base */,
			);
			name = Main.storyboard;
			sourceTree = "<group>";
		};
		D50F927E1CDFD20300C5CA5B /* LaunchScreen.storyboard */ = {
			isa = PBXVariantGroup;
			children = (
				D50F927F1CDFD20300C5CA5B /* Base */,
			);
			name = LaunchScreen.storyboard;
			sourceTree = "<group>";
		};
/* End PBXVariantGroup section */

/* Begin XCBuildConfiguration section */
		D50F928D1CDFD20300C5CA5B /* Debug */ = {
			isa = XCBuildConfiguration;
			buildSettings = {
				ALWAYS_SEARCH_USER_PATHS = NO;
				CLANG_ANALYZER_NONNULL = YES;
				CLANG_CXX_LANGUAGE_STANDARD = "gnu++0x";
				CLANG_CXX_LIBRARY = "libc++";
				CLANG_ENABLE_MODULES = YES;
				CLANG_ENABLE_OBJC_ARC = YES;
				CLANG_WARN_BOOL_CONVERSION = YES;
				CLANG_WARN_CONSTANT_CONVERSION = YES;
				CLANG_WARN_DIRECT_OBJC_ISA_USAGE = YES_ERROR;
				CLANG_WARN_EMPTY_BODY = YES;
				CLANG_WARN_ENUM_CONVERSION = YES;
				CLANG_WARN_INT_CONVERSION = YES;
				CLANG_WARN_OBJC_ROOT_CLASS = YES_ERROR;
				CLANG_WARN_UNREACHABLE_CODE = YES;
				CLANG_WARN__DUPLICATE_METHOD_MATCH = YES;
				"CODE_SIGN_IDENTITY[sdk=iphoneos*]" = "iPhone Developer";
				COPY_PHASE_STRIP = NO;
				DEBUG_INFORMATION_FORMAT = dwarf;
				ENABLE_STRICT_OBJC_MSGSEND = YES;
				ENABLE_TESTABILITY = YES;
				GCC_C_LANGUAGE_STANDARD = gnu99;
				GCC_DYNAMIC_NO_PIC = NO;
				GCC_NO_COMMON_BLOCKS = YES;
				GCC_OPTIMIZATION_LEVEL = 0;
				GCC_PREPROCESSOR_DEFINITIONS = (
					"DEBUG=1",
					"$(inherited)",
				);
				GCC_WARN_64_TO_32_BIT_CONVERSION = YES;
				GCC_WARN_ABOUT_RETURN_TYPE = YES_ERROR;
				GCC_WARN_UNDECLARED_SELECTOR = YES;
				GCC_WARN_UNINITIALIZED_AUTOS = YES_AGGRESSIVE;
				GCC_WARN_UNUSED_FUNCTION = YES;
				GCC_WARN_UNUSED_VARIABLE = YES;
				IPHONEOS_DEPLOYMENT_TARGET = 9.3;
				MTL_ENABLE_DEBUG_INFO = YES;
				ONLY_ACTIVE_ARCH = YES;
				SDKROOT = iphoneos;
				SWIFT_OPTIMIZATION_LEVEL = "-Onone";
				TARGETED_DEVICE_FAMILY = "1,2";
			};
			name = Debug;
		};
		D50F928E1CDFD20300C5CA5B /* Release */ = {
			isa = XCBuildConfiguration;
			buildSettings = {
				ALWAYS_SEARCH_USER_PATHS = NO;
				CLANG_ANALYZER_NONNULL = YES;
				CLANG_CXX_LANGUAGE_STANDARD = "gnu++0x";
				CLANG_CXX_LIBRARY = "libc++";
				CLANG_ENABLE_MODULES = YES;
				CLANG_ENABLE_OBJC_ARC = YES;
				CLANG_WARN_BOOL_CONVERSION = YES;
				CLANG_WARN_CONSTANT_CONVERSION = YES;
				CLANG_WARN_DIRECT_OBJC_ISA_USAGE = YES_ERROR;
				CLANG_WARN_EMPTY_BODY = YES;
				CLANG_WARN_ENUM_CONVERSION = YES;
				CLANG_WARN_INT_CONVERSION = YES;
				CLANG_WARN_OBJC_ROOT_CLASS = YES_ERROR;
				CLANG_WARN_UNREACHABLE_CODE = YES;
				CLANG_WARN__DUPLICATE_METHOD_MATCH = YES;
				"CODE_SIGN_IDENTITY[sdk=iphoneos*]" = "iPhone Developer";
				COPY_PHASE_STRIP = NO;
				DEBUG_INFORMATION_FORMAT = "dwarf-with-dsym";
				ENABLE_NS_ASSERTIONS = NO;
				ENABLE_STRICT_OBJC_MSGSEND = YES;
				GCC_C_LANGUAGE_STANDARD = gnu99;
				GCC_NO_COMMON_BLOCKS = YES;
				GCC_WARN_64_TO_32_BIT_CONVERSION = YES;
				GCC_WARN_ABOUT_RETURN_TYPE = YES_ERROR;
				GCC_WARN_UNDECLARED_SELECTOR = YES;
				GCC_WARN_UNINITIALIZED_AUTOS = YES_AGGRESSIVE;
				GCC_WARN_UNUSED_FUNCTION = YES;
				GCC_WARN_UNUSED_VARIABLE = YES;
				IPHONEOS_DEPLOYMENT_TARGET = 9.3;
				MTL_ENABLE_DEBUG_INFO = NO;
				SDKROOT = iphoneos;
				TARGETED_DEVICE_FAMILY = "1,2";
				VALIDATE_PRODUCT = YES;
			};
			name = Release;
		};
		D50F92901CDFD20300C5CA5B /* Debug */ = {
			isa = XCBuildConfiguration;
			buildSettings = {
				ASSETCATALOG_COMPILER_APPICON_NAME = AppIcon;
				INFOPLIST_FILE = ConnectFour/Info.plist;
				LD_RUNPATH_SEARCH_PATHS = "$(inherited) @executable_path/Frameworks";
				PRODUCT_BUNDLE_IDENTIFIER = aaronpankratz.ConnectFour;
				PRODUCT_NAME = "$(TARGET_NAME)";
			};
			name = Debug;
		};
		D50F92911CDFD20300C5CA5B /* Release */ = {
			isa = XCBuildConfiguration;
			buildSettings = {
				ASSETCATALOG_COMPILER_APPICON_NAME = AppIcon;
				INFOPLIST_FILE = ConnectFour/Info.plist;
				LD_RUNPATH_SEARCH_PATHS = "$(inherited) @executable_path/Frameworks";
				PRODUCT_BUNDLE_IDENTIFIER = aaronpankratz.ConnectFour;
				PRODUCT_NAME = "$(TARGET_NAME)";
			};
			name = Release;
		};
		D50F92931CDFD20300C5CA5B /* Debug */ = {
			isa = XCBuildConfiguration;
			buildSettings = {
				BUNDLE_LOADER = "$(TEST_HOST)";
				INFOPLIST_FILE = ConnectFourTests/Info.plist;
				LD_RUNPATH_SEARCH_PATHS = "$(inherited) @executable_path/Frameworks @loader_path/Frameworks";
				PRODUCT_BUNDLE_IDENTIFIER = aaronpankratz.ConnectFourTests;
				PRODUCT_NAME = "$(TARGET_NAME)";
				TEST_HOST = "$(BUILT_PRODUCTS_DIR)/ConnectFour.app/ConnectFour";
			};
			name = Debug;
		};
		D50F92941CDFD20300C5CA5B /* Release */ = {
			isa = XCBuildConfiguration;
			buildSettings = {
				BUNDLE_LOADER = "$(TEST_HOST)";
				INFOPLIST_FILE = ConnectFourTests/Info.plist;
				LD_RUNPATH_SEARCH_PATHS = "$(inherited) @executable_path/Frameworks @loader_path/Frameworks";
				PRODUCT_BUNDLE_IDENTIFIER = aaronpankratz.ConnectFourTests;
				PRODUCT_NAME = "$(TARGET_NAME)";
				TEST_HOST = "$(BUILT_PRODUCTS_DIR)/ConnectFour.app/ConnectFour";
			};
			name = Release;
		};
/* End XCBuildConfiguration section */

/* Begin XCConfigurationList section */
		D50F926D1CDFD20300C5CA5B /* Build configuration list for PBXProject "ConnectFour" */ = {
			isa = XCConfigurationList;
			buildConfigurations = (
				D50F928D1CDFD20300C5CA5B /* Debug */,
				D50F928E1CDFD20300C5CA5B /* Release */,
			);
			defaultConfigurationIsVisible = 0;
			defaultConfigurationName = Release;
		};
		D50F928F1CDFD20300C5CA5B /* Build configuration list for PBXNativeTarget "ConnectFour" */ = {
			isa = XCConfigurationList;
			buildConfigurations = (
				D50F92901CDFD20300C5CA5B /* Debug */,
				D50F92911CDFD20300C5CA5B /* Release */,
			);
			defaultConfigurationIsVisible = 0;
			defaultConfigurationName = Release;
		};
		D50F92921CDFD20300C5CA5B /* Build configuration list for PBXNativeTarget "ConnectFourTests" */ = {
			isa = XCConfigurationList;
			buildConfigurations = (
				D50F92931CDFD20300C5CA5B /* Debug */,
				D50F92941CDFD20300C5CA5B /* Release */,
			);
			defaultConfigurationIsVisible = 0;
			defaultConfigurationName = Release;
		};
/* End XCConfigurationList section */
	};
	rootObject = D50F926A1CDFD20300C5CA5B /* Project object */;
}
